// !$*UTF8*$!
{
	archiveVersion = 1;
	classes = {
	};
	objectVersion = 50;
	objects = {

/* Begin PBXBuildFile section */
		3C464758265706A10063BF69 /* DetailView.swift in Sources */ = {isa = PBXBuildFile; fileRef = 3C464757265706A10063BF69 /* DetailView.swift */; };
		3C8CE3AD26546346000115A1 /* Tests_iOS.swift in Sources */ = {isa = PBXBuildFile; fileRef = 3C8CE3AC26546346000115A1 /* Tests_iOS.swift */; };
		3C8CE3B826546346000115A1 /* Tests_macOS.swift in Sources */ = {isa = PBXBuildFile; fileRef = 3C8CE3B726546346000115A1 /* Tests_macOS.swift */; };
		3C8CE3BA26546346000115A1 /* CoAppApp.swift in Sources */ = {isa = PBXBuildFile; fileRef = 3C8CE39126546345000115A1 /* CoAppApp.swift */; };
		3C8CE3BB26546346000115A1 /* CoAppApp.swift in Sources */ = {isa = PBXBuildFile; fileRef = 3C8CE39126546345000115A1 /* CoAppApp.swift */; };
		3C8CE3BC26546346000115A1 /* ContentView.swift in Sources */ = {isa = PBXBuildFile; fileRef = 3C8CE39226546345000115A1 /* ContentView.swift */; };
		3C8CE3BD26546346000115A1 /* ContentView.swift in Sources */ = {isa = PBXBuildFile; fileRef = 3C8CE39226546345000115A1 /* ContentView.swift */; };
		3C8CE3D9265463DB000115A1 /* Home.swift in Sources */ = {isa = PBXBuildFile; fileRef = 3C8CE3D8265463DB000115A1 /* Home.swift */; };
		3C8CE3DF265465FF000115A1 /* Assets.xcassets in Resources */ = {isa = PBXBuildFile; fileRef = 3C8CE3DE265465FF000115A1 /* Assets.xcassets */; };
		3C8CE3ED2654770C000115A1 /* Categoty.swift in Sources */ = {isa = PBXBuildFile; fileRef = 3C8CE3EC2654770C000115A1 /* Categoty.swift */; };
		3CE2AE2826553E1F003633CF /* Popular.swift in Sources */ = {isa = PBXBuildFile; fileRef = 3CE2AE2726553E1F003633CF /* Popular.swift */; };
		3CE2AE2E26553ECB003633CF /* PopularItemRowView.swift in Sources */ = {isa = PBXBuildFile; fileRef = 3CE2AE2D26553ECB003633CF /* PopularItemRowView.swift */; };
		3CE2AE3426555350003633CF /* MainPage.swift in Sources */ = {isa = PBXBuildFile; fileRef = 3CE2AE3326555350003633CF /* MainPage.swift */; };
		3CE2AE3A2655AB24003633CF /* CustomTabBar.swift in Sources */ = {isa = PBXBuildFile; fileRef = 3CE2AE392655AB24003633CF /* CustomTabBar.swift */; };
/* End PBXBuildFile section */

/* Begin PBXContainerItemProxy section */
		3C8CE3A926546346000115A1 /* PBXContainerItemProxy */ = {
			isa = PBXContainerItemProxy;
			containerPortal = 3C8CE38C26546344000115A1 /* Project object */;
			proxyType = 1;
			remoteGlobalIDString = 3C8CE39726546346000115A1;
			remoteInfo = "CoApp (iOS)";
		};
		3C8CE3B426546346000115A1 /* PBXContainerItemProxy */ = {
			isa = PBXContainerItemProxy;
			containerPortal = 3C8CE38C26546344000115A1 /* Project object */;
			proxyType = 1;
			remoteGlobalIDString = 3C8CE39F26546346000115A1;
			remoteInfo = "CoApp (macOS)";
		};
/* End PBXContainerItemProxy section */

/* Begin PBXFileReference section */
		3C464757265706A10063BF69 /* DetailView.swift */ = {isa = PBXFileReference; lastKnownFileType = sourcecode.swift; path = DetailView.swift; sourceTree = "<group>"; };
		3C8CE39126546345000115A1 /* CoAppApp.swift */ = {isa = PBXFileReference; lastKnownFileType = sourcecode.swift; path = CoAppApp.swift; sourceTree = "<group>"; };
		3C8CE39226546345000115A1 /* ContentView.swift */ = {isa = PBXFileReference; lastKnownFileType = sourcecode.swift; path = ContentView.swift; sourceTree = "<group>"; };
		3C8CE39826546346000115A1 /* CoApp.app */ = {isa = PBXFileReference; explicitFileType = wrapper.application; includeInIndex = 0; path = CoApp.app; sourceTree = BUILT_PRODUCTS_DIR; };
		3C8CE39B26546346000115A1 /* Info.plist */ = {isa = PBXFileReference; lastKnownFileType = text.plist.xml; path = Info.plist; sourceTree = "<group>"; };
		3C8CE3A026546346000115A1 /* CoApp.app */ = {isa = PBXFileReference; explicitFileType = wrapper.application; includeInIndex = 0; path = CoApp.app; sourceTree = BUILT_PRODUCTS_DIR; };
		3C8CE3A226546346000115A1 /* Info.plist */ = {isa = PBXFileReference; lastKnownFileType = text.plist.xml; path = Info.plist; sourceTree = "<group>"; };
		3C8CE3A326546346000115A1 /* macOS.entitlements */ = {isa = PBXFileReference; lastKnownFileType = text.plist.entitlements; path = macOS.entitlements; sourceTree = "<group>"; };
		3C8CE3A826546346000115A1 /* Tests iOS.xctest */ = {isa = PBXFileReference; explicitFileType = wrapper.cfbundle; includeInIndex = 0; path = "Tests iOS.xctest"; sourceTree = BUILT_PRODUCTS_DIR; };
		3C8CE3AC26546346000115A1 /* Tests_iOS.swift */ = {isa = PBXFileReference; lastKnownFileType = sourcecode.swift; path = Tests_iOS.swift; sourceTree = "<group>"; };
		3C8CE3AE26546346000115A1 /* Info.plist */ = {isa = PBXFileReference; lastKnownFileType = text.plist.xml; path = Info.plist; sourceTree = "<group>"; };
		3C8CE3B326546346000115A1 /* Tests macOS.xctest */ = {isa = PBXFileReference; explicitFileType = wrapper.cfbundle; includeInIndex = 0; path = "Tests macOS.xctest"; sourceTree = BUILT_PRODUCTS_DIR; };
		3C8CE3B726546346000115A1 /* Tests_macOS.swift */ = {isa = PBXFileReference; lastKnownFileType = sourcecode.swift; path = Tests_macOS.swift; sourceTree = "<group>"; };
		3C8CE3B926546346000115A1 /* Info.plist */ = {isa = PBXFileReference; lastKnownFileType = text.plist.xml; path = Info.plist; sourceTree = "<group>"; };
		3C8CE3D8265463DB000115A1 /* Home.swift */ = {isa = PBXFileReference; lastKnownFileType = sourcecode.swift; path = Home.swift; sourceTree = "<group>"; };
		3C8CE3DE265465FF000115A1 /* Assets.xcassets */ = {isa = PBXFileReference; lastKnownFileType = folder.assetcatalog; name = Assets.xcassets; path = "../../../../Downloads/Food App UI/Shared/Assets.xcassets"; sourceTree = "<group>"; };
		3C8CE3EC2654770C000115A1 /* Categoty.swift */ = {isa = PBXFileReference; lastKnownFileType = sourcecode.swift; path = Categoty.swift; sourceTree = "<group>"; };
		3CE2AE2726553E1F003633CF /* Popular.swift */ = {isa = PBXFileReference; lastKnownFileType = sourcecode.swift; path = Popular.swift; sourceTree = "<group>"; };
		3CE2AE2D26553ECB003633CF /* PopularItemRowView.swift */ = {isa = PBXFileReference; lastKnownFileType = sourcecode.swift; path = PopularItemRowView.swift; sourceTree = "<group>"; };
		3CE2AE3326555350003633CF /* MainPage.swift */ = {isa = PBXFileReference; lastKnownFileType = sourcecode.swift; path = MainPage.swift; sourceTree = "<group>"; };
		3CE2AE392655AB24003633CF /* CustomTabBar.swift */ = {isa = PBXFileReference; lastKnownFileType = sourcecode.swift; path = CustomTabBar.swift; sourceTree = "<group>"; };
/* End PBXFileReference section */

/* Begin PBXFrameworksBuildPhase section */
		3C8CE39526546346000115A1 /* Frameworks */ = {
			isa = PBXFrameworksBuildPhase;
			buildActionMask = 2147483647;
			files = (
			);
			runOnlyForDeploymentPostprocessing = 0;
		};
		3C8CE39D26546346000115A1 /* Frameworks */ = {
			isa = PBXFrameworksBuildPhase;
			buildActionMask = 2147483647;
			files = (
			);
			runOnlyForDeploymentPostprocessing = 0;
		};
		3C8CE3A526546346000115A1 /* Frameworks */ = {
			isa = PBXFrameworksBuildPhase;
			buildActionMask = 2147483647;
			files = (
			);
			runOnlyForDeploymentPostprocessing = 0;
		};
		3C8CE3B026546346000115A1 /* Frameworks */ = {
			isa = PBXFrameworksBuildPhase;
			buildActionMask = 2147483647;
			files = (
			);
			runOnlyForDeploymentPostprocessing = 0;
		};
/* End PBXFrameworksBuildPhase section */

/* Begin PBXGroup section */
		3C8CE38B26546344000115A1 = {
			isa = PBXGroup;
			children = (
				3C8CE39026546345000115A1 /* Shared */,
				3C8CE39A26546346000115A1 /* iOS */,
				3C8CE3A126546346000115A1 /* macOS */,
				3C8CE3AB26546346000115A1 /* Tests iOS */,
				3C8CE3B626546346000115A1 /* Tests macOS */,
				3C8CE39926546346000115A1 /* Products */,
			);
			sourceTree = "<group>";
		};
		3C8CE39026546345000115A1 /* Shared */ = {
			isa = PBXGroup;
			children = (
				3CE2AE3F2655C706003633CF /* Animation */,
				3C8CE3D326546386000115A1 /* Model */,
				3C8CE3D22654637F000115A1 /* View */,
				3C8CE39126546345000115A1 /* CoAppApp.swift */,
				3C8CE39226546345000115A1 /* ContentView.swift */,
				3C8CE3DE265465FF000115A1 /* Assets.xcassets */,
			);
			path = Shared;
			sourceTree = "<group>";
		};
		3C8CE39926546346000115A1 /* Products */ = {
			isa = PBXGroup;
			children = (
				3C8CE39826546346000115A1 /* CoApp.app */,
				3C8CE3A026546346000115A1 /* CoApp.app */,
				3C8CE3A826546346000115A1 /* Tests iOS.xctest */,
				3C8CE3B326546346000115A1 /* Tests macOS.xctest */,
			);
			name = Products;
			sourceTree = "<group>";
		};
		3C8CE39A26546346000115A1 /* iOS */ = {
			isa = PBXGroup;
			children = (
				3C8CE39B26546346000115A1 /* Info.plist */,
			);
			path = iOS;
			sourceTree = "<group>";
		};
		3C8CE3A126546346000115A1 /* macOS */ = {
			isa = PBXGroup;
			children = (
				3C8CE3A226546346000115A1 /* Info.plist */,
				3C8CE3A326546346000115A1 /* macOS.entitlements */,
			);
			path = macOS;
			sourceTree = "<group>";
		};
		3C8CE3AB26546346000115A1 /* Tests iOS */ = {
			isa = PBXGroup;
			children = (
				3C8CE3AC26546346000115A1 /* Tests_iOS.swift */,
				3C8CE3AE26546346000115A1 /* Info.plist */,
			);
			path = "Tests iOS";
			sourceTree = "<group>";
		};
		3C8CE3B626546346000115A1 /* Tests macOS */ = {
			isa = PBXGroup;
			children = (
				3C8CE3B726546346000115A1 /* Tests_macOS.swift */,
				3C8CE3B926546346000115A1 /* Info.plist */,
			);
			path = "Tests macOS";
			sourceTree = "<group>";
		};
		3C8CE3D22654637F000115A1 /* View */ = {
			isa = PBXGroup;
			children = (
				3C8CE3D8265463DB000115A1 /* Home.swift */,
				3CE2AE2D26553ECB003633CF /* PopularItemRowView.swift */,
				3CE2AE3326555350003633CF /* MainPage.swift */,
				3CE2AE392655AB24003633CF /* CustomTabBar.swift */,
				3C464757265706A10063BF69 /* DetailView.swift */,
			);
			path = View;
			sourceTree = "<group>";
		};
		3C8CE3D326546386000115A1 /* Model */ = {
			isa = PBXGroup;
			children = (
				3C8CE3EC2654770C000115A1 /* Categoty.swift */,
				3CE2AE2726553E1F003633CF /* Popular.swift */,
			);
			path = Model;
			sourceTree = "<group>";
		};
		3CE2AE3F2655C706003633CF /* Animation */ = {
			isa = PBXGroup;
			children = (
			);
			path = Animation;
			sourceTree = "<group>";
		};
/* End PBXGroup section */

/* Begin PBXNativeTarget section */
		3C8CE39726546346000115A1 /* CoApp (iOS) */ = {
			isa = PBXNativeTarget;
			buildConfigurationList = 3C8CE3C226546346000115A1 /* Build configuration list for PBXNativeTarget "CoApp (iOS)" */;
			buildPhases = (
				3C8CE39426546346000115A1 /* Sources */,
				3C8CE39526546346000115A1 /* Frameworks */,
				3C8CE39626546346000115A1 /* Resources */,
			);
			buildRules = (
			);
			dependencies = (
			);
			name = "CoApp (iOS)";
			productName = "CoApp (iOS)";
			productReference = 3C8CE39826546346000115A1 /* CoApp.app */;
			productType = "com.apple.product-type.application";
		};
		3C8CE39F26546346000115A1 /* CoApp (macOS) */ = {
			isa = PBXNativeTarget;
			buildConfigurationList = 3C8CE3C526546346000115A1 /* Build configuration list for PBXNativeTarget "CoApp (macOS)" */;
			buildPhases = (
				3C8CE39C26546346000115A1 /* Sources */,
				3C8CE39D26546346000115A1 /* Frameworks */,
				3C8CE39E26546346000115A1 /* Resources */,
			);
			buildRules = (
			);
			dependencies = (
			);
			name = "CoApp (macOS)";
			productName = "CoApp (macOS)";
			productReference = 3C8CE3A026546346000115A1 /* CoApp.app */;
			productType = "com.apple.product-type.application";
		};
		3C8CE3A726546346000115A1 /* Tests iOS */ = {
			isa = PBXNativeTarget;
			buildConfigurationList = 3C8CE3C826546346000115A1 /* Build configuration list for PBXNativeTarget "Tests iOS" */;
			buildPhases = (
				3C8CE3A426546346000115A1 /* Sources */,
				3C8CE3A526546346000115A1 /* Frameworks */,
				3C8CE3A626546346000115A1 /* Resources */,
			);
			buildRules = (
			);
			dependencies = (
				3C8CE3AA26546346000115A1 /* PBXTargetDependency */,
			);
			name = "Tests iOS";
			productName = "Tests iOS";
			productReference = 3C8CE3A826546346000115A1 /* Tests iOS.xctest */;
			productType = "com.apple.product-type.bundle.ui-testing";
		};
		3C8CE3B226546346000115A1 /* Tests macOS */ = {
			isa = PBXNativeTarget;
			buildConfigurationList = 3C8CE3CB26546346000115A1 /* Build configuration list for PBXNativeTarget "Tests macOS" */;
			buildPhases = (
				3C8CE3AF26546346000115A1 /* Sources */,
				3C8CE3B026546346000115A1 /* Frameworks */,
				3C8CE3B126546346000115A1 /* Resources */,
			);
			buildRules = (
			);
			dependencies = (
				3C8CE3B526546346000115A1 /* PBXTargetDependency */,
			);
			name = "Tests macOS";
			productName = "Tests macOS";
			productReference = 3C8CE3B326546346000115A1 /* Tests macOS.xctest */;
			productType = "com.apple.product-type.bundle.ui-testing";
		};
/* End PBXNativeTarget section */

/* Begin PBXProject section */
		3C8CE38C26546344000115A1 /* Project object */ = {
			isa = PBXProject;
			attributes = {
				LastSwiftUpdateCheck = 1230;
				LastUpgradeCheck = 1230;
				TargetAttributes = {
					3C8CE39726546346000115A1 = {
						CreatedOnToolsVersion = 12.3;
					};
					3C8CE39F26546346000115A1 = {
						CreatedOnToolsVersion = 12.3;
					};
					3C8CE3A726546346000115A1 = {
						CreatedOnToolsVersion = 12.3;
						TestTargetID = 3C8CE39726546346000115A1;
					};
					3C8CE3B226546346000115A1 = {
						CreatedOnToolsVersion = 12.3;
						TestTargetID = 3C8CE39F26546346000115A1;
					};
				};
			};
			buildConfigurationList = 3C8CE38F26546344000115A1 /* Build configuration list for PBXProject "CoApp" */;
			compatibilityVersion = "Xcode 9.3";
			developmentRegion = en;
			hasScannedForEncodings = 0;
			knownRegions = (
				en,
				Base,
			);
			mainGroup = 3C8CE38B26546344000115A1;
			productRefGroup = 3C8CE39926546346000115A1 /* Products */;
			projectDirPath = "";
			projectRoot = "";
			targets = (
				3C8CE39726546346000115A1 /* CoApp (iOS) */,
				3C8CE39F26546346000115A1 /* CoApp (macOS) */,
				3C8CE3A726546346000115A1 /* Tests iOS */,
				3C8CE3B226546346000115A1 /* Tests macOS */,
			);
		};
/* End PBXProject section */

/* Begin PBXResourcesBuildPhase section */
		3C8CE39626546346000115A1 /* Resources */ = {
			isa = PBXResourcesBuildPhase;
			buildActionMask = 2147483647;
			files = (
				3C8CE3DF265465FF000115A1 /* Assets.xcassets in Resources */,
			);
			runOnlyForDeploymentPostprocessing = 0;
		};
		3C8CE39E26546346000115A1 /* Resources */ = {
			isa = PBXResourcesBuildPhase;
			buildActionMask = 2147483647;
			files = (
			);
			runOnlyForDeploymentPostprocessing = 0;
		};
		3C8CE3A626546346000115A1 /* Resources */ = {
			isa = PBXResourcesBuildPhase;
			buildActionMask = 2147483647;
			files = (
			);
			runOnlyForDeploymentPostprocessing = 0;
		};
		3C8CE3B126546346000115A1 /* Resources */ = {
			isa = PBXResourcesBuildPhase;
			buildActionMask = 2147483647;
			files = (
			);
			runOnlyForDeploymentPostprocessing = 0;
		};
/* End PBXResourcesBuildPhase section */

/* Begin PBXSourcesBuildPhase section */
		3C8CE39426546346000115A1 /* Sources */ = {
			isa = PBXSourcesBuildPhase;
			buildActionMask = 2147483647;
			files = (
				3CE2AE2E26553ECB003633CF /* PopularItemRowView.swift in Sources */,
				3C464758265706A10063BF69 /* DetailView.swift in Sources */,
				3C8CE3BC26546346000115A1 /* ContentView.swift in Sources */,
				3CE2AE2826553E1F003633CF /* Popular.swift in Sources */,
				3C8CE3ED2654770C000115A1 /* Categoty.swift in Sources */,
				3CE2AE3A2655AB24003633CF /* CustomTabBar.swift in Sources */,
				3C8CE3D9265463DB000115A1 /* Home.swift in Sources */,
				3CE2AE3426555350003633CF /* MainPage.swift in Sources */,
				3C8CE3BA26546346000115A1 /* CoAppApp.swift in Sources */,
			);
			runOnlyForDeploymentPostprocessing = 0;
		};
		3C8CE39C26546346000115A1 /* Sources */ = {
			isa = PBXSourcesBuildPhase;
			buildActionMask = 2147483647;
			files = (
				3C8CE3BD26546346000115A1 /* ContentView.swift in Sources */,
				3C8CE3BB26546346000115A1 /* CoAppApp.swift in Sources */,
			);
			runOnlyForDeploymentPostprocessing = 0;
		};
		3C8CE3A426546346000115A1 /* Sources */ = {
			isa = PBXSourcesBuildPhase;
			buildActionMask = 2147483647;
			files = (
				3C8CE3AD26546346000115A1 /* Tests_iOS.swift in Sources */,
			);
			runOnlyForDeploymentPostprocessing = 0;
		};
		3C8CE3AF26546346000115A1 /* Sources */ = {
			isa = PBXSourcesBuildPhase;
			buildActionMask = 2147483647;
			files = (
				3C8CE3B826546346000115A1 /* Tests_macOS.swift in Sources */,
			);
			runOnlyForDeploymentPostprocessing = 0;
		};
/* End PBXSourcesBuildPhase section */

/* Begin PBXTargetDependency section */
		3C8CE3AA26546346000115A1 /* PBXTargetDependency */ = {
			isa = PBXTargetDependency;
			target = 3C8CE39726546346000115A1 /* CoApp (iOS) */;
			targetProxy = 3C8CE3A926546346000115A1 /* PBXContainerItemProxy */;
		};
		3C8CE3B526546346000115A1 /* PBXTargetDependency */ = {
			isa = PBXTargetDependency;
			target = 3C8CE39F26546346000115A1 /* CoApp (macOS) */;
			targetProxy = 3C8CE3B426546346000115A1 /* PBXContainerItemProxy */;
		};
/* End PBXTargetDependency section */

/* Begin XCBuildConfiguration section */
		3C8CE3C026546346000115A1 /* Debug */ = {
			isa = XCBuildConfiguration;
			buildSettings = {
				ALWAYS_SEARCH_USER_PATHS = NO;
				CLANG_ANALYZER_NONNULL = YES;
				CLANG_ANALYZER_NUMBER_OBJECT_CONVERSION = YES_AGGRESSIVE;
				CLANG_CXX_LANGUAGE_STANDARD = "gnu++14";
				CLANG_CXX_LIBRARY = "libc++";
				CLANG_ENABLE_MODULES = YES;
				CLANG_ENABLE_OBJC_ARC = YES;
				CLANG_ENABLE_OBJC_WEAK = YES;
				CLANG_WARN_BLOCK_CAPTURE_AUTORELEASING = YES;
				CLANG_WARN_BOOL_CONVERSION = YES;
				CLANG_WARN_COMMA = YES;
				CLANG_WARN_CONSTANT_CONVERSION = YES;
				CLANG_WARN_DEPRECATED_OBJC_IMPLEMENTATIONS = YES;
				CLANG_WARN_DIRECT_OBJC_ISA_USAGE = YES_ERROR;
				CLANG_WARN_DOCUMENTATION_COMMENTS = YES;
				CLANG_WARN_EMPTY_BODY = YES;
				CLANG_WARN_ENUM_CONVERSION = YES;
				CLANG_WARN_INFINITE_RECURSION = YES;
				CLANG_WARN_INT_CONVERSION = YES;
				CLANG_WARN_NON_LITERAL_NULL_CONVERSION = YES;
				CLANG_WARN_OBJC_IMPLICIT_RETAIN_SELF = YES;
				CLANG_WARN_OBJC_LITERAL_CONVERSION = YES;
				CLANG_WARN_OBJC_ROOT_CLASS = YES_ERROR;
				CLANG_WARN_QUOTED_INCLUDE_IN_FRAMEWORK_HEADER = YES;
				CLANG_WARN_RANGE_LOOP_ANALYSIS = YES;
				CLANG_WARN_STRICT_PROTOTYPES = YES;
				CLANG_WARN_SUSPICIOUS_MOVE = YES;
				CLANG_WARN_UNGUARDED_AVAILABILITY = YES_AGGRESSIVE;
				CLANG_WARN_UNREACHABLE_CODE = YES;
				CLANG_WARN__DUPLICATE_METHOD_MATCH = YES;
				COPY_PHASE_STRIP = NO;
				DEBUG_INFORMATION_FORMAT = dwarf;
				ENABLE_STRICT_OBJC_MSGSEND = YES;
				ENABLE_TESTABILITY = YES;
				GCC_C_LANGUAGE_STANDARD = gnu11;
				GCC_DYNAMIC_NO_PIC = NO;
				GCC_NO_COMMON_BLOCKS = YES;
				GCC_OPTIMIZATION_LEVEL = 0;
				GCC_PREPROCESSOR_DEFINITIONS = (
					"DEBUG=1",
					"$(inherited)",
				);
				GCC_WARN_64_TO_32_BIT_CONVERSION = YES;
				GCC_WARN_ABOUT_RETURN_TYPE = YES_ERROR;
				GCC_WARN_UNDECLARED_SELECTOR = YES;
				GCC_WARN_UNINITIALIZED_AUTOS = YES_AGGRESSIVE;
				GCC_WARN_UNUSED_FUNCTION = YES;
				GCC_WARN_UNUSED_VARIABLE = YES;
				MTL_ENABLE_DEBUG_INFO = INCLUDE_SOURCE;
				MTL_FAST_MATH = YES;
				ONLY_ACTIVE_ARCH = YES;
				SWIFT_ACTIVE_COMPILATION_CONDITIONS = DEBUG;
				SWIFT_OPTIMIZATION_LEVEL = "-Onone";
			};
			name = Debug;
		};
		3C8CE3C126546346000115A1 /* Release */ = {
			isa = XCBuildConfiguration;
			buildSettings = {
				ALWAYS_SEARCH_USER_PATHS = NO;
				CLANG_ANALYZER_NONNULL = YES;
				CLANG_ANALYZER_NUMBER_OBJECT_CONVERSION = YES_AGGRESSIVE;
				CLANG_CXX_LANGUAGE_STANDARD = "gnu++14";
				CLANG_CXX_LIBRARY = "libc++";
				CLANG_ENABLE_MODULES = YES;
				CLANG_ENABLE_OBJC_ARC = YES;
				CLANG_ENABLE_OBJC_WEAK = YES;
				CLANG_WARN_BLOCK_CAPTURE_AUTORELEASING = YES;
				CLANG_WARN_BOOL_CONVERSION = YES;
				CLANG_WARN_COMMA = YES;
				CLANG_WARN_CONSTANT_CONVERSION = YES;
				CLANG_WARN_DEPRECATED_OBJC_IMPLEMENTATIONS = YES;
				CLANG_WARN_DIRECT_OBJC_ISA_USAGE = YES_ERROR;
				CLANG_WARN_DOCUMENTATION_COMMENTS = YES;
				CLANG_WARN_EMPTY_BODY = YES;
				CLANG_WARN_ENUM_CONVERSION = YES;
				CLANG_WARN_INFINITE_RECURSION = YES;
				CLANG_WARN_INT_CONVERSION = YES;
				CLANG_WARN_NON_LITERAL_NULL_CONVERSION = YES;
				CLANG_WARN_OBJC_IMPLICIT_RETAIN_SELF = YES;
				CLANG_WARN_OBJC_LITERAL_CONVERSION = YES;
				CLANG_WARN_OBJC_ROOT_CLASS = YES_ERROR;
				CLANG_WARN_QUOTED_INCLUDE_IN_FRAMEWORK_HEADER = YES;
				CLANG_WARN_RANGE_LOOP_ANALYSIS = YES;
				CLANG_WARN_STRICT_PROTOTYPES = YES;
				CLANG_WARN_SUSPICIOUS_MOVE = YES;
				CLANG_WARN_UNGUARDED_AVAILABILITY = YES_AGGRESSIVE;
				CLANG_WARN_UNREACHABLE_CODE = YES;
				CLANG_WARN__DUPLICATE_METHOD_MATCH = YES;
				COPY_PHASE_STRIP = NO;
				DEBUG_INFORMATION_FORMAT = "dwarf-with-dsym";
				ENABLE_NS_ASSERTIONS = NO;
				ENABLE_STRICT_OBJC_MSGSEND = YES;
				GCC_C_LANGUAGE_STANDARD = gnu11;
				GCC_NO_COMMON_BLOCKS = YES;
				GCC_WARN_64_TO_32_BIT_CONVERSION = YES;
				GCC_WARN_ABOUT_RETURN_TYPE = YES_ERROR;
				GCC_WARN_UNDECLARED_SELECTOR = YES;
				GCC_WARN_UNINITIALIZED_AUTOS = YES_AGGRESSIVE;
				GCC_WARN_UNUSED_FUNCTION = YES;
				GCC_WARN_UNUSED_VARIABLE = YES;
				MTL_ENABLE_DEBUG_INFO = NO;
				MTL_FAST_MATH = YES;
				SWIFT_COMPILATION_MODE = wholemodule;
				SWIFT_OPTIMIZATION_LEVEL = "-O";
			};
			name = Release;
		};
		3C8CE3C326546346000115A1 /* Debug */ = {
			isa = XCBuildConfiguration;
			buildSettings = {
				ASSETCATALOG_COMPILER_APPICON_NAME = AppIcon;
				ASSETCATALOG_COMPILER_GLOBAL_ACCENT_COLOR_NAME = AccentColor;
				CODE_SIGN_STYLE = Automatic;
				DEVELOPMENT_TEAM = VTMWX3B5B9;
				ENABLE_PREVIEWS = YES;
				INFOPLIST_FILE = iOS/Info.plist;
				IPHONEOS_DEPLOYMENT_TARGET = 14.0;
				LD_RUNPATH_SEARCH_PATHS = (
					"$(inherited)",
					"@executable_path/Frameworks",
				);
				PRODUCT_BUNDLE_IDENTIFIER = com.CoApp;
				PRODUCT_NAME = CoApp;
				SDKROOT = iphoneos;
				SWIFT_VERSION = 5.0;
				TARGETED_DEVICE_FAMILY = "1,2";
			};
			name = Debug;
		};
		3C8CE3C426546346000115A1 /* Release */ = {
			isa = XCBuildConfiguration;
			buildSettings = {
				ASSETCATALOG_COMPILER_APPICON_NAME = AppIcon;
				ASSETCATALOG_COMPILER_GLOBAL_ACCENT_COLOR_NAME = AccentColor;
				CODE_SIGN_STYLE = Automatic;
				DEVELOPMENT_TEAM = VTMWX3B5B9;
				ENABLE_PREVIEWS = YES;
				INFOPLIST_FILE = iOS/Info.plist;
				IPHONEOS_DEPLOYMENT_TARGET = 14.0;
				LD_RUNPATH_SEARCH_PATHS = (
					"$(inherited)",
					"@executable_path/Frameworks",
				);
				PRODUCT_BUNDLE_IDENTIFIER = com.CoApp;
				PRODUCT_NAME = CoApp;
				SDKROOT = iphoneos;
				SWIFT_VERSION = 5.0;
				TARGETED_DEVICE_FAMILY = "1,2";
				VALIDATE_PRODUCT = YES;
			};
			name = Release;
		};
		3C8CE3C626546346000115A1 /* Debug */ = {
			isa = XCBuildConfiguration;
			buildSettings = {
				ASSETCATALOG_COMPILER_APPICON_NAME = AppIcon;
				ASSETCATALOG_COMPILER_GLOBAL_ACCENT_COLOR_NAME = AccentColor;
				CODE_SIGN_ENTITLEMENTS = macOS/macOS.entitlements;
				CODE_SIGN_STYLE = Automatic;
				COMBINE_HIDPI_IMAGES = YES;
				DEVELOPMENT_TEAM = VTMWX3B5B9;
				ENABLE_HARDENED_RUNTIME = YES;
				ENABLE_PREVIEWS = YES;
				INFOPLIST_FILE = macOS/Info.plist;
				LD_RUNPATH_SEARCH_PATHS = (
					"$(inherited)",
					"@executable_path/../Frameworks",
				);
				MACOSX_DEPLOYMENT_TARGET = 11.0;
				PRODUCT_BUNDLE_IDENTIFIER = com.CoApp;
				PRODUCT_NAME = CoApp;
				SDKROOT = macosx;
				SWIFT_VERSION = 5.0;
			};
			name = Debug;
		};
		3C8CE3C726546346000115A1 /* Release */ = {
			isa = XCBuildConfiguration;
			buildSettings = {
				ASSETCATALOG_COMPILER_APPICON_NAME = AppIcon;
				ASSETCATALOG_COMPILER_GLOBAL_ACCENT_COLOR_NAME = AccentColor;
				CODE_SIGN_ENTITLEMENTS = macOS/macOS.entitlements;
				CODE_SIGN_STYLE = Automatic;
				COMBINE_HIDPI_IMAGES = YES;
				DEVELOPMENT_TEAM = VTMWX3B5B9;
				ENABLE_HARDENED_RUNTIME = YES;
				ENABLE_PREVIEWS = YES;
				INFOPLIST_FILE = macOS/Info.plist;
				LD_RUNPATH_SEARCH_PATHS = (
					"$(inherited)",
					"@executable_path/../Frameworks",
				);
				MACOSX_DEPLOYMENT_TARGET = 11.0;
				PRODUCT_BUNDLE_IDENTIFIER = com.CoApp;
				PRODUCT_NAME = CoApp;
				SDKROOT = macosx;
				SWIFT_VERSION = 5.0;
			};
			name = Release;
		};
		3C8CE3C926546346000115A1 /* Debug */ = {
			isa = XCBuildConfiguration;
			buildSettings = {
				ALWAYS_EMBED_SWIFT_STANDARD_LIBRARIES = YES;
				CODE_SIGN_STYLE = Automatic;
				DEVELOPMENT_TEAM = VTMWX3B5B9;
				INFOPLIST_FILE = "Tests iOS/Info.plist";
				IPHONEOS_DEPLOYMENT_TARGET = 14.3;
				LD_RUNPATH_SEARCH_PATHS = (
					"$(inherited)",
					"@executable_path/Frameworks",
					"@loader_path/Frameworks",
				);
				PRODUCT_BUNDLE_IDENTIFIER = "com.Tests-iOS";
				PRODUCT_NAME = "$(TARGET_NAME)";
				SDKROOT = iphoneos;
				SWIFT_VERSION = 5.0;
				TARGETED_DEVICE_FAMILY = "1,2";
				TEST_TARGET_NAME = "CoApp (iOS)";
			};
			name = Debug;
		};
		3C8CE3CA26546346000115A1 /* Release */ = {
			isa = XCBuildConfiguration;
			buildSettings = {
				ALWAYS_EMBED_SWIFT_STANDARD_LIBRARIES = YES;
				CODE_SIGN_STYLE = Automatic;
				DEVELOPMENT_TEAM = VTMWX3B5B9;
				INFOPLIST_FILE = "Tests iOS/Info.plist";
				IPHONEOS_DEPLOYMENT_TARGET = 14.3;
				LD_RUNPATH_SEARCH_PATHS = (
					"$(inherited)",
					"@executable_path/Frameworks",
					"@loader_path/Frameworks",
				);
				PRODUCT_BUNDLE_IDENTIFIER = "com.Tests-iOS";
				PRODUCT_NAME = "$(TARGET_NAME)";
				SDKROOT = iphoneos;
				SWIFT_VERSION = 5.0;
				TARGETED_DEVICE_FAMILY = "1,2";
				TEST_TARGET_NAME = "CoApp (iOS)";
				VALIDATE_PRODUCT = YES;
			};
			name = Release;
		};
		3C8CE3CC26546346000115A1 /* Debug */ = {
			isa = XCBuildConfiguration;
			buildSettings = {
				ALWAYS_EMBED_SWIFT_STANDARD_LIBRARIES = YES;
				CODE_SIGN_STYLE = Automatic;
				COMBINE_HIDPI_IMAGES = YES;
				DEVELOPMENT_TEAM = VTMWX3B5B9;
				INFOPLIST_FILE = "Tests macOS/Info.plist";
				LD_RUNPATH_SEARCH_PATHS = (
					"$(inherited)",
					"@executable_path/../Frameworks",
					"@loader_path/../Frameworks",
				);
				MACOSX_DEPLOYMENT_TARGET = 11.1;
				PRODUCT_BUNDLE_IDENTIFIER = "com.Tests-macOS";
				PRODUCT_NAME = "$(TARGET_NAME)";
				SDKROOT = macosx;
				SWIFT_VERSION = 5.0;
				TEST_TARGET_NAME = "CoApp (macOS)";
			};
			name = Debug;
		};
		3C8CE3CD26546346000115A1 /* Release */ = {
			isa = XCBuildConfiguration;
			buildSettings = {
				ALWAYS_EMBED_SWIFT_STANDARD_LIBRARIES = YES;
				CODE_SIGN_STYLE = Automatic;
				COMBINE_HIDPI_IMAGES = YES;
				DEVELOPMENT_TEAM = VTMWX3B5B9;
				INFOPLIST_FILE = "Tests macOS/Info.plist";
				LD_RUNPATH_SEARCH_PATHS = (
					"$(inherited)",
					"@executable_path/../Frameworks",
					"@loader_path/../Frameworks",
				);
				MACOSX_DEPLOYMENT_TARGET = 11.1;
				PRODUCT_BUNDLE_IDENTIFIER = "com.Tests-macOS";
				PRODUCT_NAME = "$(TARGET_NAME)";
				SDKROOT = macosx;
				SWIFT_VERSION = 5.0;
				TEST_TARGET_NAME = "CoApp (macOS)";
			};
			name = Release;
		};
/* End XCBuildConfiguration section */

/* Begin XCConfigurationList section */
		3C8CE38F26546344000115A1 /* Build configuration list for PBXProject "CoApp" */ = {
			isa = XCConfigurationList;
			buildConfigurations = (
				3C8CE3C026546346000115A1 /* Debug */,
				3C8CE3C126546346000115A1 /* Release */,
			);
			defaultConfigurationIsVisible = 0;
			defaultConfigurationName = Release;
		};
		3C8CE3C226546346000115A1 /* Build configuration list for PBXNativeTarget "CoApp (iOS)" */ = {
			isa = XCConfigurationList;
			buildConfigurations = (
				3C8CE3C326546346000115A1 /* Debug */,
				3C8CE3C426546346000115A1 /* Release */,
			);
			defaultConfigurationIsVisible = 0;
			defaultConfigurationName = Release;
		};
		3C8CE3C526546346000115A1 /* Build configuration list for PBXNativeTarget "CoApp (macOS)" */ = {
			isa = XCConfigurationList;
			buildConfigurations = (
				3C8CE3C626546346000115A1 /* Debug */,
				3C8CE3C726546346000115A1 /* Release */,
			);
			defaultConfigurationIsVisible = 0;
			defaultConfigurationName = Release;
		};
		3C8CE3C826546346000115A1 /* Build configuration list for PBXNativeTarget "Tests iOS" */ = {
			isa = XCConfigurationList;
			buildConfigurations = (
				3C8CE3C926546346000115A1 /* Debug */,
				3C8CE3CA26546346000115A1 /* Release */,
			);
			defaultConfigurationIsVisible = 0;
			defaultConfigurationName = Release;
		};
		3C8CE3CB26546346000115A1 /* Build configuration list for PBXNativeTarget "Tests macOS" */ = {
			isa = XCConfigurationList;
			buildConfigurations = (
				3C8CE3CC26546346000115A1 /* Debug */,
				3C8CE3CD26546346000115A1 /* Release */,
			);
			defaultConfigurationIsVisible = 0;
			defaultConfigurationName = Release;
		};
/* End XCConfigurationList section */
	};
	rootObject = 3C8CE38C26546344000115A1 /* Project object */;
}
